
Microsoft Visual Studio Solution File, Format Version 12.00
# Visual Studio Version 17
VisualStudioVersion = 17.0.31903.59
MinimumVisualStudioVersion = 10.0.40219.1
Project("{2150E333-8FDC-42A3-9474-1A3956D46DE8}") = "shared", "shared", "{4F52FD11-658E-A102-6CD3-7D7C16FFA15B}"
EndProject
Project("{FAE04EC0-301F-11D3-BF4B-00C04F79EFBC}") = "GRRADO.Shared.Domain", "shared\GRRADO.Shared.Domain\GRRADO.Shared.Domain.csproj", "{48E5CC71-1E8C-464A-84B2-4417491287DA}"
EndProject
Project("{FAE04EC0-301F-11D3-BF4B-00C04F79EFBC}") = "GRRADO.Shared.Abstractions", "shared\GRRADO.Shared.Abstractions\GRRADO.Shared.Abstractions.csproj", "{39FB0474-0711-4ED2-8422-74FDD63F1813}"
EndProject
Project("{FAE04EC0-301F-11D3-BF4B-00C04F79EFBC}") = "GRRADO.Shared.Application", "shared\GRRADO.Shared.Application\GRRADO.Shared.Application.csproj", "{420A9F4F-DDE0-4530-A46E-796C6D86E493}"
EndProject
Project("{FAE04EC0-301F-11D3-BF4B-00C04F79EFBC}") = "GRRADO.Shared.Infrastructure", "shared\GRRADO.Shared.Infrastructure\GRRADO.Shared.Infrastructure.csproj", "{34D1B3C2-97DB-4912-A598-C9909562D833}"
EndProject
Project("{2150E333-8FDC-42A3-9474-1A3956D46DE8}") = "gateway", "gateway", "{E7BDDBC6-9FD1-D1D7-ACD8-2C4F8E3D2461}"
EndProject
Project("{FAE04EC0-301F-11D3-BF4B-00C04F79EFBC}") = "ApiGateway", "gateway\ApiGateway\ApiGateway.csproj", "{40ECDEC9-6A9A-4A5E-B540-B8018D1D13F8}"
EndProject
Project("{2150E333-8FDC-42A3-9474-1A3956D46DE8}") = "services", "services", "{5854FF58-B8C5-05C6-5BF2-ACE42193F22B}"
EndProject
Project("{2150E333-8FDC-42A3-9474-1A3956D46DE8}") = "UserService", "UserService", "{BB9B0570-D764-F740-A1C1-3444BA1D5022}"
EndProject
Project("{FAE04EC0-301F-11D3-BF4B-00C04F79EFBC}") = "UserService.Domain", "services\UserService\UserService.Domain\UserService.Domain.csproj", "{5CDA6827-7B6E-4AD1-80A8-0177C906178D}"
EndProject
Project("{FAE04EC0-301F-11D3-BF4B-00C04F79EFBC}") = "UserService.Application", "services\UserService\UserService.Application\UserService.Application.csproj", "{7CEBED66-1DBE-44FD-96C4-245E42A04D0E}"
EndProject
Project("{FAE04EC0-301F-11D3-BF4B-00C04F79EFBC}") = "UserService.Infrastructure", "services\UserService\UserService.Infrastructure\UserService.Infrastructure.csproj", "{ACB995B0-3E91-46DF-8E13-61973ED242D9}"
EndProject
Project("{FAE04EC0-301F-11D3-BF4B-00C04F79EFBC}") = "UserService.API", "services\UserService\UserService.API\UserService.API.csproj", "{4AD6E926-197D-43AF-A124-8FBF295528F9}"
EndProject
Project("{2150E333-8FDC-42A3-9474-1A3956D46DE8}") = "VehicleService", "VehicleService", "{8E6A5C5F-C7DE-E24C-DE58-CF3EDFEEC57E}"
EndProject
Project("{FAE04EC0-301F-11D3-BF4B-00C04F79EFBC}") = "VehicleService.Domain", "services\VehicleService\VehicleService.Domain\VehicleService.Domain.csproj", "{EDED0E59-1E1D-4324-B346-45EC01319FC6}"
EndProject
Project("{FAE04EC0-301F-11D3-BF4B-00C04F79EFBC}") = "VehicleService.Application", "services\VehicleService\VehicleService.Application\VehicleService.Application.csproj", "{0A58DBFE-EA95-4048-9895-D16453828ED2}"
EndProject
Project("{FAE04EC0-301F-11D3-BF4B-00C04F79EFBC}") = "VehicleService.Infrastructure", "services\VehicleService\VehicleService.Infrastructure\VehicleService.Infrastructure.csproj", "{D9D981DC-2A91-470C-B1D3-8C121C0EACC6}"
EndProject
Project("{FAE04EC0-301F-11D3-BF4B-00C04F79EFBC}") = "VehicleService.API", "services\VehicleService\VehicleService.API\VehicleService.API.csproj", "{8B802F53-3F9F-45FF-881B-BEF6C0B719B2}"
EndProject
Project("{2150E333-8FDC-42A3-9474-1A3956D46DE8}") = "GarageService", "GarageService", "{899E6F88-5D1F-9A82-0019-A49EEA45C695}"
EndProject
Project("{FAE04EC0-301F-11D3-BF4B-00C04F79EFBC}") = "GarageService.Domain", "services\GarageService\GarageService.Domain\GarageService.Domain.csproj", "{6DA96A7E-5035-4C03-9550-B221BC997EF4}"
EndProject
Project("{FAE04EC0-301F-11D3-BF4B-00C04F79EFBC}") = "GarageService.Application", "services\GarageService\GarageService.Application\GarageService.Application.csproj", "{B1836BB4-10CA-475B-8D00-13518AF2F820}"
EndProject
Project("{FAE04EC0-301F-11D3-BF4B-00C04F79EFBC}") = "GarageService.Infrastructure", "services\GarageService\GarageService.Infrastructure\GarageService.Infrastructure.csproj", "{6F7CBF50-14FE-4955-85D9-99C981226B09}"
EndProject
Project("{FAE04EC0-301F-11D3-BF4B-00C04F79EFBC}") = "GarageService.API", "services\GarageService\GarageService.API\GarageService.API.csproj", "{101DA8C8-B78C-44BD-B268-1F7E5ADA0FC7}"
EndProject
Project("{2150E333-8FDC-42A3-9474-1A3956D46DE8}") = "ServiceHistoryService", "ServiceHistoryService", "{736570EE-B337-DB3B-BCAB-29CA71CFE5FE}"
EndProject
Project("{FAE04EC0-301F-11D3-BF4B-00C04F79EFBC}") = "ServiceHistoryService.Domain", "services\ServiceHistoryService\ServiceHistoryService.Domain\ServiceHistoryService.Domain.csproj", "{8E975BC7-C6B3-4244-8FF7-388548B3D247}"
EndProject
Project("{FAE04EC0-301F-11D3-BF4B-00C04F79EFBC}") = "ServiceHistoryService.Application", "services\ServiceHistoryService\ServiceHistoryService.Application\ServiceHistoryService.Application.csproj", "{9A9711BB-F62B-4308-B907-37336703C742}"
EndProject
Project("{FAE04EC0-301F-11D3-BF4B-00C04F79EFBC}") = "ServiceHistoryService.Infrastructure", "services\ServiceHistoryService\ServiceHistoryService.Infrastructure\ServiceHistoryService.Infrastructure.csproj", "{2AB08A38-8AF7-4966-BADC-454E58682FFD}"
EndProject
Project("{FAE04EC0-301F-11D3-BF4B-00C04F79EFBC}") = "ServiceHistoryService.API", "services\ServiceHistoryService\ServiceHistoryService.API\ServiceHistoryService.API.csproj", "{172E7814-7959-475A-B4D6-B31685D1A3A6}"
EndProject
Project("{2150E333-8FDC-42A3-9474-1A3956D46DE8}") = "ChatbotService", "ChatbotService", "{52AEF456-3D8A-3CE5-40ED-124CA70687D2}"
EndProject
Project("{FAE04EC0-301F-11D3-BF4B-00C04F79EFBC}") = "ChatbotService.Domain", "services\ChatbotService\ChatbotService.Domain\ChatbotService.Domain.csproj", "{F4F3688C-0500-4FDF-A729-77321303F0CF}"
EndProject
Project("{FAE04EC0-301F-11D3-BF4B-00C04F79EFBC}") = "ChatbotService.Application", "services\ChatbotService\ChatbotService.Application\ChatbotService.Application.csproj", "{C51FCE6B-0257-4CAF-AACF-2D1148A9CEEF}"
EndProject
Project("{FAE04EC0-301F-11D3-BF4B-00C04F79EFBC}") = "ChatbotService.Infrastructure", "services\ChatbotService\ChatbotService.Infrastructure\ChatbotService.Infrastructure.csproj", "{E57512F9-8889-44F9-B8D7-EE87768E7BB5}"
EndProject
Project("{FAE04EC0-301F-11D3-BF4B-00C04F79EFBC}") = "ChatbotService.API", "services\ChatbotService\ChatbotService.API\ChatbotService.API.csproj", "{87BFDB22-7D48-490E-A5CA-0C89CDAC4EAA}"
EndProject
Project("{2150E333-8FDC-42A3-9474-1A3956D46DE8}") = "DiagnosticsService", "DiagnosticsService", "{27186838-AF9B-1AFB-D90D-D5051450EF13}"
EndProject
Project("{FAE04EC0-301F-11D3-BF4B-00C04F79EFBC}") = "DiagnosticsService.Domain", "services\DiagnosticsService\DiagnosticsService.Domain\DiagnosticsService.Domain.csproj", "{B4CFD80F-BE2F-4EE7-A4E1-289F40C4CEF5}"
EndProject
Project("{FAE04EC0-301F-11D3-BF4B-00C04F79EFBC}") = "DiagnosticsService.Application", "services\DiagnosticsService\DiagnosticsService.Application\DiagnosticsService.Application.csproj", "{50710CF9-59E1-4114-BB39-2937D4FD8AC9}"
EndProject
Project("{FAE04EC0-301F-11D3-BF4B-00C04F79EFBC}") = "DiagnosticsService.Infrastructure", "services\DiagnosticsService\DiagnosticsService.Infrastructure\DiagnosticsService.Infrastructure.csproj", "{9ADAA80B-9DB5-49F3-8755-C42A65FEEC71}"
EndProject
Project("{FAE04EC0-301F-11D3-BF4B-00C04F79EFBC}") = "DiagnosticsService.API", "services\DiagnosticsService\DiagnosticsService.API\DiagnosticsService.API.csproj", "{7B831FD9-A7CF-4794-B825-73CEE925EEA6}"
EndProject
Project("{2150E333-8FDC-42A3-9474-1A3956D46DE8}") = "LoggingService", "LoggingService", "{56DAB1A6-B559-CB2B-BE52-EF1105F7EC4C}"
EndProject
Project("{FAE04EC0-301F-11D3-BF4B-00C04F79EFBC}") = "LoggingService.Domain", "services\LoggingService\LoggingService.Domain\LoggingService.Domain.csproj", "{5862B045-DAD1-4526-8C27-CE8789248852}"
EndProject
Project("{FAE04EC0-301F-11D3-BF4B-00C04F79EFBC}") = "LoggingService.Application", "services\LoggingService\LoggingService.Application\LoggingService.Application.csproj", "{43E9660B-95D0-460B-BC2C-28ED6E5D95EB}"
EndProject
Project("{FAE04EC0-301F-11D3-BF4B-00C04F79EFBC}") = "LoggingService.Infrastructure", "services\LoggingService\LoggingService.Infrastructure\LoggingService.Infrastructure.csproj", "{89317043-5B13-451A-AC59-D8BDBD856E8A}"
EndProject
Project("{FAE04EC0-301F-11D3-BF4B-00C04F79EFBC}") = "LoggingService.API", "services\LoggingService\LoggingService.API\LoggingService.API.csproj", "{8E816C5A-6675-41E0-A639-F8CD65D60BB4}"
EndProject
Project("{2150E333-8FDC-42A3-9474-1A3956D46DE8}") = "AppHost", "AppHost", "{90DCE71B-4939-B80A-CE8C-85DE2210C7AC}"
EndProject
Project("{FAE04EC0-301F-11D3-BF4B-00C04F79EFBC}") = "GRRADO.AppHost", "AppHost\GRRADO.AppHost.csproj", "{CE0E013D-49ED-42B3-905F-CA51009F2217}"
EndProject
Global
	GlobalSection(SolutionConfigurationPlatforms) = preSolution
		Debug|Any CPU = Debug|Any CPU
		Debug|x64 = Debug|x64
		Debug|x86 = Debug|x86
		Release|Any CPU = Release|Any CPU
		Release|x64 = Release|x64
		Release|x86 = Release|x86
	EndGlobalSection
	GlobalSection(ProjectConfigurationPlatforms) = postSolution
		{48E5CC71-1E8C-464A-84B2-4417491287DA}.Debug|Any CPU.ActiveCfg = Debug|Any CPU
		{48E5CC71-1E8C-464A-84B2-4417491287DA}.Debug|Any CPU.Build.0 = Debug|Any CPU
		{48E5CC71-1E8C-464A-84B2-4417491287DA}.Debug|x64.ActiveCfg = Debug|Any CPU
		{48E5CC71-1E8C-464A-84B2-4417491287DA}.Debug|x64.Build.0 = Debug|Any CPU
		{48E5CC71-1E8C-464A-84B2-4417491287DA}.Debug|x86.ActiveCfg = Debug|Any CPU
		{48E5CC71-1E8C-464A-84B2-4417491287DA}.Debug|x86.Build.0 = Debug|Any CPU
		{48E5CC71-1E8C-464A-84B2-4417491287DA}.Release|Any CPU.ActiveCfg = Release|Any CPU
		{48E5CC71-1E8C-464A-84B2-4417491287DA}.Release|Any CPU.Build.0 = Release|Any CPU
		{48E5CC71-1E8C-464A-84B2-4417491287DA}.Release|x64.ActiveCfg = Release|Any CPU
		{48E5CC71-1E8C-464A-84B2-4417491287DA}.Release|x64.Build.0 = Release|Any CPU
		{48E5CC71-1E8C-464A-84B2-4417491287DA}.Release|x86.ActiveCfg = Release|Any CPU
		{48E5CC71-1E8C-464A-84B2-4417491287DA}.Release|x86.Build.0 = Release|Any CPU
		{39FB0474-0711-4ED2-8422-74FDD63F1813}.Debug|Any CPU.ActiveCfg = Debug|Any CPU
		{39FB0474-0711-4ED2-8422-74FDD63F1813}.Debug|Any CPU.Build.0 = Debug|Any CPU
		{39FB0474-0711-4ED2-8422-74FDD63F1813}.Debug|x64.ActiveCfg = Debug|Any CPU
		{39FB0474-0711-4ED2-8422-74FDD63F1813}.Debug|x64.Build.0 = Debug|Any CPU
		{39FB0474-0711-4ED2-8422-74FDD63F1813}.Debug|x86.ActiveCfg = Debug|Any CPU
		{39FB0474-0711-4ED2-8422-74FDD63F1813}.Debug|x86.Build.0 = Debug|Any CPU
		{39FB0474-0711-4ED2-8422-74FDD63F1813}.Release|Any CPU.ActiveCfg = Release|Any CPU
		{39FB0474-0711-4ED2-8422-74FDD63F1813}.Release|Any CPU.Build.0 = Release|Any CPU
		{39FB0474-0711-4ED2-8422-74FDD63F1813}.Release|x64.ActiveCfg = Release|Any CPU
		{39FB0474-0711-4ED2-8422-74FDD63F1813}.Release|x64.Build.0 = Release|Any CPU
		{39FB0474-0711-4ED2-8422-74FDD63F1813}.Release|x86.ActiveCfg = Release|Any CPU
		{39FB0474-0711-4ED2-8422-74FDD63F1813}.Release|x86.Build.0 = Release|Any CPU
		{420A9F4F-DDE0-4530-A46E-796C6D86E493}.Debug|Any CPU.ActiveCfg = Debug|Any CPU
		{420A9F4F-DDE0-4530-A46E-796C6D86E493}.Debug|Any CPU.Build.0 = Debug|Any CPU
		{420A9F4F-DDE0-4530-A46E-796C6D86E493}.Debug|x64.ActiveCfg = Debug|Any CPU
		{420A9F4F-DDE0-4530-A46E-796C6D86E493}.Debug|x64.Build.0 = Debug|Any CPU
		{420A9F4F-DDE0-4530-A46E-796C6D86E493}.Debug|x86.ActiveCfg = Debug|Any CPU
		{420A9F4F-DDE0-4530-A46E-796C6D86E493}.Debug|x86.Build.0 = Debug|Any CPU
		{420A9F4F-DDE0-4530-A46E-796C6D86E493}.Release|Any CPU.ActiveCfg = Release|Any CPU
		{420A9F4F-DDE0-4530-A46E-796C6D86E493}.Release|Any CPU.Build.0 = Release|Any CPU
		{420A9F4F-DDE0-4530-A46E-796C6D86E493}.Release|x64.ActiveCfg = Release|Any CPU
		{420A9F4F-DDE0-4530-A46E-796C6D86E493}.Release|x64.Build.0 = Release|Any CPU
		{420A9F4F-DDE0-4530-A46E-796C6D86E493}.Release|x86.ActiveCfg = Release|Any CPU
		{420A9F4F-DDE0-4530-A46E-796C6D86E493}.Release|x86.Build.0 = Release|Any CPU
		{34D1B3C2-97DB-4912-A598-C9909562D833}.Debug|Any CPU.ActiveCfg = Debug|Any CPU
		{34D1B3C2-97DB-4912-A598-C9909562D833}.Debug|Any CPU.Build.0 = Debug|Any CPU
		{34D1B3C2-97DB-4912-A598-C9909562D833}.Debug|x64.ActiveCfg = Debug|Any CPU
		{34D1B3C2-97DB-4912-A598-C9909562D833}.Debug|x64.Build.0 = Debug|Any CPU
		{34D1B3C2-97DB-4912-A598-C9909562D833}.Debug|x86.ActiveCfg = Debug|Any CPU
		{34D1B3C2-97DB-4912-A598-C9909562D833}.Debug|x86.Build.0 = Debug|Any CPU
		{34D1B3C2-97DB-4912-A598-C9909562D833}.Release|Any CPU.ActiveCfg = Release|Any CPU
		{34D1B3C2-97DB-4912-A598-C9909562D833}.Release|Any CPU.Build.0 = Release|Any CPU
		{34D1B3C2-97DB-4912-A598-C9909562D833}.Release|x64.ActiveCfg = Release|Any CPU
		{34D1B3C2-97DB-4912-A598-C9909562D833}.Release|x64.Build.0 = Release|Any CPU
		{34D1B3C2-97DB-4912-A598-C9909562D833}.Release|x86.ActiveCfg = Release|Any CPU
		{34D1B3C2-97DB-4912-A598-C9909562D833}.Release|x86.Build.0 = Release|Any CPU
		{40ECDEC9-6A9A-4A5E-B540-B8018D1D13F8}.Debug|Any CPU.ActiveCfg = Debug|Any CPU
		{40ECDEC9-6A9A-4A5E-B540-B8018D1D13F8}.Debug|Any CPU.Build.0 = Debug|Any CPU
		{40ECDEC9-6A9A-4A5E-B540-B8018D1D13F8}.Debug|x64.ActiveCfg = Debug|Any CPU
		{40ECDEC9-6A9A-4A5E-B540-B8018D1D13F8}.Debug|x64.Build.0 = Debug|Any CPU
		{40ECDEC9-6A9A-4A5E-B540-B8018D1D13F8}.Debug|x86.ActiveCfg = Debug|Any CPU
		{40ECDEC9-6A9A-4A5E-B540-B8018D1D13F8}.Debug|x86.Build.0 = Debug|Any CPU
		{40ECDEC9-6A9A-4A5E-B540-B8018D1D13F8}.Release|Any CPU.ActiveCfg = Release|Any CPU
		{40ECDEC9-6A9A-4A5E-B540-B8018D1D13F8}.Release|Any CPU.Build.0 = Release|Any CPU
		{40ECDEC9-6A9A-4A5E-B540-B8018D1D13F8}.Release|x64.ActiveCfg = Release|Any CPU
		{40ECDEC9-6A9A-4A5E-B540-B8018D1D13F8}.Release|x64.Build.0 = Release|Any CPU
		{40ECDEC9-6A9A-4A5E-B540-B8018D1D13F8}.Release|x86.ActiveCfg = Release|Any CPU
		{40ECDEC9-6A9A-4A5E-B540-B8018D1D13F8}.Release|x86.Build.0 = Release|Any CPU
		{5CDA6827-7B6E-4AD1-80A8-0177C906178D}.Debug|Any CPU.ActiveCfg = Debug|Any CPU
		{5CDA6827-7B6E-4AD1-80A8-0177C906178D}.Debug|Any CPU.Build.0 = Debug|Any CPU
		{5CDA6827-7B6E-4AD1-80A8-0177C906178D}.Debug|x64.ActiveCfg = Debug|Any CPU
		{5CDA6827-7B6E-4AD1-80A8-0177C906178D}.Debug|x64.Build.0 = Debug|Any CPU
		{5CDA6827-7B6E-4AD1-80A8-0177C906178D}.Debug|x86.ActiveCfg = Debug|Any CPU
		{5CDA6827-7B6E-4AD1-80A8-0177C906178D}.Debug|x86.Build.0 = Debug|Any CPU
		{5CDA6827-7B6E-4AD1-80A8-0177C906178D}.Release|Any CPU.ActiveCfg = Release|Any CPU
		{5CDA6827-7B6E-4AD1-80A8-0177C906178D}.Release|Any CPU.Build.0 = Release|Any CPU
		{5CDA6827-7B6E-4AD1-80A8-0177C906178D}.Release|x64.ActiveCfg = Release|Any CPU
		{5CDA6827-7B6E-4AD1-80A8-0177C906178D}.Release|x64.Build.0 = Release|Any CPU
		{5CDA6827-7B6E-4AD1-80A8-0177C906178D}.Release|x86.ActiveCfg = Release|Any CPU
		{5CDA6827-7B6E-4AD1-80A8-0177C906178D}.Release|x86.Build.0 = Release|Any CPU
		{7CEBED66-1DBE-44FD-96C4-245E42A04D0E}.Debug|Any CPU.ActiveCfg = Debug|Any CPU
		{7CEBED66-1DBE-44FD-96C4-245E42A04D0E}.Debug|Any CPU.Build.0 = Debug|Any CPU
		{7CEBED66-1DBE-44FD-96C4-245E42A04D0E}.Debug|x64.ActiveCfg = Debug|Any CPU
		{7CEBED66-1DBE-44FD-96C4-245E42A04D0E}.Debug|x64.Build.0 = Debug|Any CPU
		{7CEBED66-1DBE-44FD-96C4-245E42A04D0E}.Debug|x86.ActiveCfg = Debug|Any CPU
		{7CEBED66-1DBE-44FD-96C4-245E42A04D0E}.Debug|x86.Build.0 = Debug|Any CPU
		{7CEBED66-1DBE-44FD-96C4-245E42A04D0E}.Release|Any CPU.ActiveCfg = Release|Any CPU
		{7CEBED66-1DBE-44FD-96C4-245E42A04D0E}.Release|Any CPU.Build.0 = Release|Any CPU
		{7CEBED66-1DBE-44FD-96C4-245E42A04D0E}.Release|x64.ActiveCfg = Release|Any CPU
		{7CEBED66-1DBE-44FD-96C4-245E42A04D0E}.Release|x64.Build.0 = Release|Any CPU
		{7CEBED66-1DBE-44FD-96C4-245E42A04D0E}.Release|x86.ActiveCfg = Release|Any CPU
		{7CEBED66-1DBE-44FD-96C4-245E42A04D0E}.Release|x86.Build.0 = Release|Any CPU
		{ACB995B0-3E91-46DF-8E13-61973ED242D9}.Debug|Any CPU.ActiveCfg = Debug|Any CPU
		{ACB995B0-3E91-46DF-8E13-61973ED242D9}.Debug|Any CPU.Build.0 = Debug|Any CPU
		{ACB995B0-3E91-46DF-8E13-61973ED242D9}.Debug|x64.ActiveCfg = Debug|Any CPU
		{ACB995B0-3E91-46DF-8E13-61973ED242D9}.Debug|x64.Build.0 = Debug|Any CPU
		{ACB995B0-3E91-46DF-8E13-61973ED242D9}.Debug|x86.ActiveCfg = Debug|Any CPU
		{ACB995B0-3E91-46DF-8E13-61973ED242D9}.Debug|x86.Build.0 = Debug|Any CPU
		{ACB995B0-3E91-46DF-8E13-61973ED242D9}.Release|Any CPU.ActiveCfg = Release|Any CPU
		{ACB995B0-3E91-46DF-8E13-61973ED242D9}.Release|Any CPU.Build.0 = Release|Any CPU
		{ACB995B0-3E91-46DF-8E13-61973ED242D9}.Release|x64.ActiveCfg = Release|Any CPU
		{ACB995B0-3E91-46DF-8E13-61973ED242D9}.Release|x64.Build.0 = Release|Any CPU
		{ACB995B0-3E91-46DF-8E13-61973ED242D9}.Release|x86.ActiveCfg = Release|Any CPU
		{ACB995B0-3E91-46DF-8E13-61973ED242D9}.Release|x86.Build.0 = Release|Any CPU
		{4AD6E926-197D-43AF-A124-8FBF295528F9}.Debug|Any CPU.ActiveCfg = Debug|Any CPU
		{4AD6E926-197D-43AF-A124-8FBF295528F9}.Debug|Any CPU.Build.0 = Debug|Any CPU
		{4AD6E926-197D-43AF-A124-8FBF295528F9}.Debug|x64.ActiveCfg = Debug|Any CPU
		{4AD6E926-197D-43AF-A124-8FBF295528F9}.Debug|x64.Build.0 = Debug|Any CPU
		{4AD6E926-197D-43AF-A124-8FBF295528F9}.Debug|x86.ActiveCfg = Debug|Any CPU
		{4AD6E926-197D-43AF-A124-8FBF295528F9}.Debug|x86.Build.0 = Debug|Any CPU
		{4AD6E926-197D-43AF-A124-8FBF295528F9}.Release|Any CPU.ActiveCfg = Release|Any CPU
		{4AD6E926-197D-43AF-A124-8FBF295528F9}.Release|Any CPU.Build.0 = Release|Any CPU
		{4AD6E926-197D-43AF-A124-8FBF295528F9}.Release|x64.ActiveCfg = Release|Any CPU
		{4AD6E926-197D-43AF-A124-8FBF295528F9}.Release|x64.Build.0 = Release|Any CPU
		{4AD6E926-197D-43AF-A124-8FBF295528F9}.Release|x86.ActiveCfg = Release|Any CPU
		{4AD6E926-197D-43AF-A124-8FBF295528F9}.Release|x86.Build.0 = Release|Any CPU
		{EDED0E59-1E1D-4324-B346-45EC01319FC6}.Debug|Any CPU.ActiveCfg = Debug|Any CPU
		{EDED0E59-1E1D-4324-B346-45EC01319FC6}.Debug|Any CPU.Build.0 = Debug|Any CPU
		{EDED0E59-1E1D-4324-B346-45EC01319FC6}.Debug|x64.ActiveCfg = Debug|Any CPU
		{EDED0E59-1E1D-4324-B346-45EC01319FC6}.Debug|x64.Build.0 = Debug|Any CPU
		{EDED0E59-1E1D-4324-B346-45EC01319FC6}.Debug|x86.ActiveCfg = Debug|Any CPU
		{EDED0E59-1E1D-4324-B346-45EC01319FC6}.Debug|x86.Build.0 = Debug|Any CPU
		{EDED0E59-1E1D-4324-B346-45EC01319FC6}.Release|Any CPU.ActiveCfg = Release|Any CPU
		{EDED0E59-1E1D-4324-B346-45EC01319FC6}.Release|Any CPU.Build.0 = Release|Any CPU
		{EDED0E59-1E1D-4324-B346-45EC01319FC6}.Release|x64.ActiveCfg = Release|Any CPU
		{EDED0E59-1E1D-4324-B346-45EC01319FC6}.Release|x64.Build.0 = Release|Any CPU
		{EDED0E59-1E1D-4324-B346-45EC01319FC6}.Release|x86.ActiveCfg = Release|Any CPU
		{EDED0E59-1E1D-4324-B346-45EC01319FC6}.Release|x86.Build.0 = Release|Any CPU
		{0A58DBFE-EA95-4048-9895-D16453828ED2}.Debug|Any CPU.ActiveCfg = Debug|Any CPU
		{0A58DBFE-EA95-4048-9895-D16453828ED2}.Debug|Any CPU.Build.0 = Debug|Any CPU
		{0A58DBFE-EA95-4048-9895-D16453828ED2}.Debug|x64.ActiveCfg = Debug|Any CPU
		{0A58DBFE-EA95-4048-9895-D16453828ED2}.Debug|x64.Build.0 = Debug|Any CPU
		{0A58DBFE-EA95-4048-9895-D16453828ED2}.Debug|x86.ActiveCfg = Debug|Any CPU
		{0A58DBFE-EA95-4048-9895-D16453828ED2}.Debug|x86.Build.0 = Debug|Any CPU
		{0A58DBFE-EA95-4048-9895-D16453828ED2}.Release|Any CPU.ActiveCfg = Release|Any CPU
		{0A58DBFE-EA95-4048-9895-D16453828ED2}.Release|Any CPU.Build.0 = Release|Any CPU
		{0A58DBFE-EA95-4048-9895-D16453828ED2}.Release|x64.ActiveCfg = Release|Any CPU
		{0A58DBFE-EA95-4048-9895-D16453828ED2}.Release|x64.Build.0 = Release|Any CPU
		{0A58DBFE-EA95-4048-9895-D16453828ED2}.Release|x86.ActiveCfg = Release|Any CPU
		{0A58DBFE-EA95-4048-9895-D16453828ED2}.Release|x86.Build.0 = Release|Any CPU
		{D9D981DC-2A91-470C-B1D3-8C121C0EACC6}.Debug|Any CPU.ActiveCfg = Debug|Any CPU
		{D9D981DC-2A91-470C-B1D3-8C121C0EACC6}.Debug|Any CPU.Build.0 = Debug|Any CPU
		{D9D981DC-2A91-470C-B1D3-8C121C0EACC6}.Debug|x64.ActiveCfg = Debug|Any CPU
		{D9D981DC-2A91-470C-B1D3-8C121C0EACC6}.Debug|x64.Build.0 = Debug|Any CPU
		{D9D981DC-2A91-470C-B1D3-8C121C0EACC6}.Debug|x86.ActiveCfg = Debug|Any CPU
		{D9D981DC-2A91-470C-B1D3-8C121C0EACC6}.Debug|x86.Build.0 = Debug|Any CPU
		{D9D981DC-2A91-470C-B1D3-8C121C0EACC6}.Release|Any CPU.ActiveCfg = Release|Any CPU
		{D9D981DC-2A91-470C-B1D3-8C121C0EACC6}.Release|Any CPU.Build.0 = Release|Any CPU
		{D9D981DC-2A91-470C-B1D3-8C121C0EACC6}.Release|x64.ActiveCfg = Release|Any CPU
		{D9D981DC-2A91-470C-B1D3-8C121C0EACC6}.Release|x64.Build.0 = Release|Any CPU
		{D9D981DC-2A91-470C-B1D3-8C121C0EACC6}.Release|x86.ActiveCfg = Release|Any CPU
		{D9D981DC-2A91-470C-B1D3-8C121C0EACC6}.Release|x86.Build.0 = Release|Any CPU
		{8B802F53-3F9F-45FF-881B-BEF6C0B719B2}.Debug|Any CPU.ActiveCfg = Debug|Any CPU
		{8B802F53-3F9F-45FF-881B-BEF6C0B719B2}.Debug|Any CPU.Build.0 = Debug|Any CPU
		{8B802F53-3F9F-45FF-881B-BEF6C0B719B2}.Debug|x64.ActiveCfg = Debug|Any CPU
		{8B802F53-3F9F-45FF-881B-BEF6C0B719B2}.Debug|x64.Build.0 = Debug|Any CPU
		{8B802F53-3F9F-45FF-881B-BEF6C0B719B2}.Debug|x86.ActiveCfg = Debug|Any CPU
		{8B802F53-3F9F-45FF-881B-BEF6C0B719B2}.Debug|x86.Build.0 = Debug|Any CPU
		{8B802F53-3F9F-45FF-881B-BEF6C0B719B2}.Release|Any CPU.ActiveCfg = Release|Any CPU
		{8B802F53-3F9F-45FF-881B-BEF6C0B719B2}.Release|Any CPU.Build.0 = Release|Any CPU
		{8B802F53-3F9F-45FF-881B-BEF6C0B719B2}.Release|x64.ActiveCfg = Release|Any CPU
		{8B802F53-3F9F-45FF-881B-BEF6C0B719B2}.Release|x64.Build.0 = Release|Any CPU
		{8B802F53-3F9F-45FF-881B-BEF6C0B719B2}.Release|x86.ActiveCfg = Release|Any CPU
		{8B802F53-3F9F-45FF-881B-BEF6C0B719B2}.Release|x86.Build.0 = Release|Any CPU
		{6DA96A7E-5035-4C03-9550-B221BC997EF4}.Debug|Any CPU.ActiveCfg = Debug|Any CPU
		{6DA96A7E-5035-4C03-9550-B221BC997EF4}.Debug|Any CPU.Build.0 = Debug|Any CPU
		{6DA96A7E-5035-4C03-9550-B221BC997EF4}.Debug|x64.ActiveCfg = Debug|Any CPU
		{6DA96A7E-5035-4C03-9550-B221BC997EF4}.Debug|x64.Build.0 = Debug|Any CPU
		{6DA96A7E-5035-4C03-9550-B221BC997EF4}.Debug|x86.ActiveCfg = Debug|Any CPU
		{6DA96A7E-5035-4C03-9550-B221BC997EF4}.Debug|x86.Build.0 = Debug|Any CPU
		{6DA96A7E-5035-4C03-9550-B221BC997EF4}.Release|Any CPU.ActiveCfg = Release|Any CPU
		{6DA96A7E-5035-4C03-9550-B221BC997EF4}.Release|Any CPU.Build.0 = Release|Any CPU
		{6DA96A7E-5035-4C03-9550-B221BC997EF4}.Release|x64.ActiveCfg = Release|Any CPU
		{6DA96A7E-5035-4C03-9550-B221BC997EF4}.Release|x64.Build.0 = Release|Any CPU
		{6DA96A7E-5035-4C03-9550-B221BC997EF4}.Release|x86.ActiveCfg = Release|Any CPU
		{6DA96A7E-5035-4C03-9550-B221BC997EF4}.Release|x86.Build.0 = Release|Any CPU
		{B1836BB4-10CA-475B-8D00-13518AF2F820}.Debug|Any CPU.ActiveCfg = Debug|Any CPU
		{B1836BB4-10CA-475B-8D00-13518AF2F820}.Debug|Any CPU.Build.0 = Debug|Any CPU
		{B1836BB4-10CA-475B-8D00-13518AF2F820}.Debug|x64.ActiveCfg = Debug|Any CPU
		{B1836BB4-10CA-475B-8D00-13518AF2F820}.Debug|x64.Build.0 = Debug|Any CPU
		{B1836BB4-10CA-475B-8D00-13518AF2F820}.Debug|x86.ActiveCfg = Debug|Any CPU
		{B1836BB4-10CA-475B-8D00-13518AF2F820}.Debug|x86.Build.0 = Debug|Any CPU
		{B1836BB4-10CA-475B-8D00-13518AF2F820}.Release|Any CPU.ActiveCfg = Release|Any CPU
		{B1836BB4-10CA-475B-8D00-13518AF2F820}.Release|Any CPU.Build.0 = Release|Any CPU
		{B1836BB4-10CA-475B-8D00-13518AF2F820}.Release|x64.ActiveCfg = Release|Any CPU
		{B1836BB4-10CA-475B-8D00-13518AF2F820}.Release|x64.Build.0 = Release|Any CPU
		{B1836BB4-10CA-475B-8D00-13518AF2F820}.Release|x86.ActiveCfg = Release|Any CPU
		{B1836BB4-10CA-475B-8D00-13518AF2F820}.Release|x86.Build.0 = Release|Any CPU
		{6F7CBF50-14FE-4955-85D9-99C981226B09}.Debug|Any CPU.ActiveCfg = Debug|Any CPU
		{6F7CBF50-14FE-4955-85D9-99C981226B09}.Debug|Any CPU.Build.0 = Debug|Any CPU
		{6F7CBF50-14FE-4955-85D9-99C981226B09}.Debug|x64.ActiveCfg = Debug|Any CPU
		{6F7CBF50-14FE-4955-85D9-99C981226B09}.Debug|x64.Build.0 = Debug|Any CPU
		{6F7CBF50-14FE-4955-85D9-99C981226B09}.Debug|x86.ActiveCfg = Debug|Any CPU
		{6F7CBF50-14FE-4955-85D9-99C981226B09}.Debug|x86.Build.0 = Debug|Any CPU
		{6F7CBF50-14FE-4955-85D9-99C981226B09}.Release|Any CPU.ActiveCfg = Release|Any CPU
		{6F7CBF50-14FE-4955-85D9-99C981226B09}.Release|Any CPU.Build.0 = Release|Any CPU
		{6F7CBF50-14FE-4955-85D9-99C981226B09}.Release|x64.ActiveCfg = Release|Any CPU
		{6F7CBF50-14FE-4955-85D9-99C981226B09}.Release|x64.Build.0 = Release|Any CPU
		{6F7CBF50-14FE-4955-85D9-99C981226B09}.Release|x86.ActiveCfg = Release|Any CPU
		{6F7CBF50-14FE-4955-85D9-99C981226B09}.Release|x86.Build.0 = Release|Any CPU
		{101DA8C8-B78C-44BD-B268-1F7E5ADA0FC7}.Debug|Any CPU.ActiveCfg = Debug|Any CPU
		{101DA8C8-B78C-44BD-B268-1F7E5ADA0FC7}.Debug|Any CPU.Build.0 = Debug|Any CPU
		{101DA8C8-B78C-44BD-B268-1F7E5ADA0FC7}.Debug|x64.ActiveCfg = Debug|Any CPU
		{101DA8C8-B78C-44BD-B268-1F7E5ADA0FC7}.Debug|x64.Build.0 = Debug|Any CPU
		{101DA8C8-B78C-44BD-B268-1F7E5ADA0FC7}.Debug|x86.ActiveCfg = Debug|Any CPU
		{101DA8C8-B78C-44BD-B268-1F7E5ADA0FC7}.Debug|x86.Build.0 = Debug|Any CPU
		{101DA8C8-B78C-44BD-B268-1F7E5ADA0FC7}.Release|Any CPU.ActiveCfg = Release|Any CPU
		{101DA8C8-B78C-44BD-B268-1F7E5ADA0FC7}.Release|Any CPU.Build.0 = Release|Any CPU
		{101DA8C8-B78C-44BD-B268-1F7E5ADA0FC7}.Release|x64.ActiveCfg = Release|Any CPU
		{101DA8C8-B78C-44BD-B268-1F7E5ADA0FC7}.Release|x64.Build.0 = Release|Any CPU
		{101DA8C8-B78C-44BD-B268-1F7E5ADA0FC7}.Release|x86.ActiveCfg = Release|Any CPU
		{101DA8C8-B78C-44BD-B268-1F7E5ADA0FC7}.Release|x86.Build.0 = Release|Any CPU
		{8E975BC7-C6B3-4244-8FF7-388548B3D247}.Debug|Any CPU.ActiveCfg = Debug|Any CPU
		{8E975BC7-C6B3-4244-8FF7-388548B3D247}.Debug|Any CPU.Build.0 = Debug|Any CPU
		{8E975BC7-C6B3-4244-8FF7-388548B3D247}.Debug|x64.ActiveCfg = Debug|Any CPU
		{8E975BC7-C6B3-4244-8FF7-388548B3D247}.Debug|x64.Build.0 = Debug|Any CPU
		{8E975BC7-C6B3-4244-8FF7-388548B3D247}.Debug|x86.ActiveCfg = Debug|Any CPU
		{8E975BC7-C6B3-4244-8FF7-388548B3D247}.Debug|x86.Build.0 = Debug|Any CPU
		{8E975BC7-C6B3-4244-8FF7-388548B3D247}.Release|Any CPU.ActiveCfg = Release|Any CPU
		{8E975BC7-C6B3-4244-8FF7-388548B3D247}.Release|Any CPU.Build.0 = Release|Any CPU
		{8E975BC7-C6B3-4244-8FF7-388548B3D247}.Release|x64.ActiveCfg = Release|Any CPU
		{8E975BC7-C6B3-4244-8FF7-388548B3D247}.Release|x64.Build.0 = Release|Any CPU
		{8E975BC7-C6B3-4244-8FF7-388548B3D247}.Release|x86.ActiveCfg = Release|Any CPU
		{8E975BC7-C6B3-4244-8FF7-388548B3D247}.Release|x86.Build.0 = Release|Any CPU
		{9A9711BB-F62B-4308-B907-37336703C742}.Debug|Any CPU.ActiveCfg = Debug|Any CPU
		{9A9711BB-F62B-4308-B907-37336703C742}.Debug|Any CPU.Build.0 = Debug|Any CPU
		{9A9711BB-F62B-4308-B907-37336703C742}.Debug|x64.ActiveCfg = Debug|Any CPU
		{9A9711BB-F62B-4308-B907-37336703C742}.Debug|x64.Build.0 = Debug|Any CPU
		{9A9711BB-F62B-4308-B907-37336703C742}.Debug|x86.ActiveCfg = Debug|Any CPU
		{9A9711BB-F62B-4308-B907-37336703C742}.Debug|x86.Build.0 = Debug|Any CPU
		{9A9711BB-F62B-4308-B907-37336703C742}.Release|Any CPU.ActiveCfg = Release|Any CPU
		{9A9711BB-F62B-4308-B907-37336703C742}.Release|Any CPU.Build.0 = Release|Any CPU
		{9A9711BB-F62B-4308-B907-37336703C742}.Release|x64.ActiveCfg = Release|Any CPU
		{9A9711BB-F62B-4308-B907-37336703C742}.Release|x64.Build.0 = Release|Any CPU
		{9A9711BB-F62B-4308-B907-37336703C742}.Release|x86.ActiveCfg = Release|Any CPU
		{9A9711BB-F62B-4308-B907-37336703C742}.Release|x86.Build.0 = Release|Any CPU
		{2AB08A38-8AF7-4966-BADC-454E58682FFD}.Debug|Any CPU.ActiveCfg = Debug|Any CPU
		{2AB08A38-8AF7-4966-BADC-454E58682FFD}.Debug|Any CPU.Build.0 = Debug|Any CPU
		{2AB08A38-8AF7-4966-BADC-454E58682FFD}.Debug|x64.ActiveCfg = Debug|Any CPU
		{2AB08A38-8AF7-4966-BADC-454E58682FFD}.Debug|x64.Build.0 = Debug|Any CPU
		{2AB08A38-8AF7-4966-BADC-454E58682FFD}.Debug|x86.ActiveCfg = Debug|Any CPU
		{2AB08A38-8AF7-4966-BADC-454E58682FFD}.Debug|x86.Build.0 = Debug|Any CPU
		{2AB08A38-8AF7-4966-BADC-454E58682FFD}.Release|Any CPU.ActiveCfg = Release|Any CPU
		{2AB08A38-8AF7-4966-BADC-454E58682FFD}.Release|Any CPU.Build.0 = Release|Any CPU
		{2AB08A38-8AF7-4966-BADC-454E58682FFD}.Release|x64.ActiveCfg = Release|Any CPU
		{2AB08A38-8AF7-4966-BADC-454E58682FFD}.Release|x64.Build.0 = Release|Any CPU
		{2AB08A38-8AF7-4966-BADC-454E58682FFD}.Release|x86.ActiveCfg = Release|Any CPU
		{2AB08A38-8AF7-4966-BADC-454E58682FFD}.Release|x86.Build.0 = Release|Any CPU
		{172E7814-7959-475A-B4D6-B31685D1A3A6}.Debug|Any CPU.ActiveCfg = Debug|Any CPU
		{172E7814-7959-475A-B4D6-B31685D1A3A6}.Debug|Any CPU.Build.0 = Debug|Any CPU
		{172E7814-7959-475A-B4D6-B31685D1A3A6}.Debug|x64.ActiveCfg = Debug|Any CPU
		{172E7814-7959-475A-B4D6-B31685D1A3A6}.Debug|x64.Build.0 = Debug|Any CPU
		{172E7814-7959-475A-B4D6-B31685D1A3A6}.Debug|x86.ActiveCfg = Debug|Any CPU
		{172E7814-7959-475A-B4D6-B31685D1A3A6}.Debug|x86.Build.0 = Debug|Any CPU
		{172E7814-7959-475A-B4D6-B31685D1A3A6}.Release|Any CPU.ActiveCfg = Release|Any CPU
		{172E7814-7959-475A-B4D6-B31685D1A3A6}.Release|Any CPU.Build.0 = Release|Any CPU
		{172E7814-7959-475A-B4D6-B31685D1A3A6}.Release|x64.ActiveCfg = Release|Any CPU
		{172E7814-7959-475A-B4D6-B31685D1A3A6}.Release|x64.Build.0 = Release|Any CPU
		{172E7814-7959-475A-B4D6-B31685D1A3A6}.Release|x86.ActiveCfg = Release|Any CPU
		{172E7814-7959-475A-B4D6-B31685D1A3A6}.Release|x86.Build.0 = Release|Any CPU
		{F4F3688C-0500-4FDF-A729-77321303F0CF}.Debug|Any CPU.ActiveCfg = Debug|Any CPU
		{F4F3688C-0500-4FDF-A729-77321303F0CF}.Debug|Any CPU.Build.0 = Debug|Any CPU
		{F4F3688C-0500-4FDF-A729-77321303F0CF}.Debug|x64.ActiveCfg = Debug|Any CPU
		{F4F3688C-0500-4FDF-A729-77321303F0CF}.Debug|x64.Build.0 = Debug|Any CPU
		{F4F3688C-0500-4FDF-A729-77321303F0CF}.Debug|x86.ActiveCfg = Debug|Any CPU
		{F4F3688C-0500-4FDF-A729-77321303F0CF}.Debug|x86.Build.0 = Debug|Any CPU
		{F4F3688C-0500-4FDF-A729-77321303F0CF}.Release|Any CPU.ActiveCfg = Release|Any CPU
		{F4F3688C-0500-4FDF-A729-77321303F0CF}.Release|Any CPU.Build.0 = Release|Any CPU
		{F4F3688C-0500-4FDF-A729-77321303F0CF}.Release|x64.ActiveCfg = Release|Any CPU
		{F4F3688C-0500-4FDF-A729-77321303F0CF}.Release|x64.Build.0 = Release|Any CPU
		{F4F3688C-0500-4FDF-A729-77321303F0CF}.Release|x86.ActiveCfg = Release|Any CPU
		{F4F3688C-0500-4FDF-A729-77321303F0CF}.Release|x86.Build.0 = Release|Any CPU
		{C51FCE6B-0257-4CAF-AACF-2D1148A9CEEF}.Debug|Any CPU.ActiveCfg = Debug|Any CPU
		{C51FCE6B-0257-4CAF-AACF-2D1148A9CEEF}.Debug|Any CPU.Build.0 = Debug|Any CPU
		{C51FCE6B-0257-4CAF-AACF-2D1148A9CEEF}.Debug|x64.ActiveCfg = Debug|Any CPU
		{C51FCE6B-0257-4CAF-AACF-2D1148A9CEEF}.Debug|x64.Build.0 = Debug|Any CPU
		{C51FCE6B-0257-4CAF-AACF-2D1148A9CEEF}.Debug|x86.ActiveCfg = Debug|Any CPU
		{C51FCE6B-0257-4CAF-AACF-2D1148A9CEEF}.Debug|x86.Build.0 = Debug|Any CPU
		{C51FCE6B-0257-4CAF-AACF-2D1148A9CEEF}.Release|Any CPU.ActiveCfg = Release|Any CPU
		{C51FCE6B-0257-4CAF-AACF-2D1148A9CEEF}.Release|Any CPU.Build.0 = Release|Any CPU
		{C51FCE6B-0257-4CAF-AACF-2D1148A9CEEF}.Release|x64.ActiveCfg = Release|Any CPU
		{C51FCE6B-0257-4CAF-AACF-2D1148A9CEEF}.Release|x64.Build.0 = Release|Any CPU
		{C51FCE6B-0257-4CAF-AACF-2D1148A9CEEF}.Release|x86.ActiveCfg = Release|Any CPU
		{C51FCE6B-0257-4CAF-AACF-2D1148A9CEEF}.Release|x86.Build.0 = Release|Any CPU
		{E57512F9-8889-44F9-B8D7-EE87768E7BB5}.Debug|Any CPU.ActiveCfg = Debug|Any CPU
		{E57512F9-8889-44F9-B8D7-EE87768E7BB5}.Debug|Any CPU.Build.0 = Debug|Any CPU
		{E57512F9-8889-44F9-B8D7-EE87768E7BB5}.Debug|x64.ActiveCfg = Debug|Any CPU
		{E57512F9-8889-44F9-B8D7-EE87768E7BB5}.Debug|x64.Build.0 = Debug|Any CPU
		{E57512F9-8889-44F9-B8D7-EE87768E7BB5}.Debug|x86.ActiveCfg = Debug|Any CPU
		{E57512F9-8889-44F9-B8D7-EE87768E7BB5}.Debug|x86.Build.0 = Debug|Any CPU
		{E57512F9-8889-44F9-B8D7-EE87768E7BB5}.Release|Any CPU.ActiveCfg = Release|Any CPU
		{E57512F9-8889-44F9-B8D7-EE87768E7BB5}.Release|Any CPU.Build.0 = Release|Any CPU
		{E57512F9-8889-44F9-B8D7-EE87768E7BB5}.Release|x64.ActiveCfg = Release|Any CPU
		{E57512F9-8889-44F9-B8D7-EE87768E7BB5}.Release|x64.Build.0 = Release|Any CPU
		{E57512F9-8889-44F9-B8D7-EE87768E7BB5}.Release|x86.ActiveCfg = Release|Any CPU
		{E57512F9-8889-44F9-B8D7-EE87768E7BB5}.Release|x86.Build.0 = Release|Any CPU
		{87BFDB22-7D48-490E-A5CA-0C89CDAC4EAA}.Debug|Any CPU.ActiveCfg = Debug|Any CPU
		{87BFDB22-7D48-490E-A5CA-0C89CDAC4EAA}.Debug|Any CPU.Build.0 = Debug|Any CPU
		{87BFDB22-7D48-490E-A5CA-0C89CDAC4EAA}.Debug|x64.ActiveCfg = Debug|Any CPU
		{87BFDB22-7D48-490E-A5CA-0C89CDAC4EAA}.Debug|x64.Build.0 = Debug|Any CPU
		{87BFDB22-7D48-490E-A5CA-0C89CDAC4EAA}.Debug|x86.ActiveCfg = Debug|Any CPU
		{87BFDB22-7D48-490E-A5CA-0C89CDAC4EAA}.Debug|x86.Build.0 = Debug|Any CPU
		{87BFDB22-7D48-490E-A5CA-0C89CDAC4EAA}.Release|Any CPU.ActiveCfg = Release|Any CPU
		{87BFDB22-7D48-490E-A5CA-0C89CDAC4EAA}.Release|Any CPU.Build.0 = Release|Any CPU
		{87BFDB22-7D48-490E-A5CA-0C89CDAC4EAA}.Release|x64.ActiveCfg = Release|Any CPU
		{87BFDB22-7D48-490E-A5CA-0C89CDAC4EAA}.Release|x64.Build.0 = Release|Any CPU
		{87BFDB22-7D48-490E-A5CA-0C89CDAC4EAA}.Release|x86.ActiveCfg = Release|Any CPU
		{87BFDB22-7D48-490E-A5CA-0C89CDAC4EAA}.Release|x86.Build.0 = Release|Any CPU
		{B4CFD80F-BE2F-4EE7-A4E1-289F40C4CEF5}.Debug|Any CPU.ActiveCfg = Debug|Any CPU
		{B4CFD80F-BE2F-4EE7-A4E1-289F40C4CEF5}.Debug|Any CPU.Build.0 = Debug|Any CPU
		{B4CFD80F-BE2F-4EE7-A4E1-289F40C4CEF5}.Debug|x64.ActiveCfg = Debug|Any CPU
		{B4CFD80F-BE2F-4EE7-A4E1-289F40C4CEF5}.Debug|x64.Build.0 = Debug|Any CPU
		{B4CFD80F-BE2F-4EE7-A4E1-289F40C4CEF5}.Debug|x86.ActiveCfg = Debug|Any CPU
		{B4CFD80F-BE2F-4EE7-A4E1-289F40C4CEF5}.Debug|x86.Build.0 = Debug|Any CPU
		{B4CFD80F-BE2F-4EE7-A4E1-289F40C4CEF5}.Release|Any CPU.ActiveCfg = Release|Any CPU
		{B4CFD80F-BE2F-4EE7-A4E1-289F40C4CEF5}.Release|Any CPU.Build.0 = Release|Any CPU
		{B4CFD80F-BE2F-4EE7-A4E1-289F40C4CEF5}.Release|x64.ActiveCfg = Release|Any CPU
		{B4CFD80F-BE2F-4EE7-A4E1-289F40C4CEF5}.Release|x64.Build.0 = Release|Any CPU
		{B4CFD80F-BE2F-4EE7-A4E1-289F40C4CEF5}.Release|x86.ActiveCfg = Release|Any CPU
		{B4CFD80F-BE2F-4EE7-A4E1-289F40C4CEF5}.Release|x86.Build.0 = Release|Any CPU
		{50710CF9-59E1-4114-BB39-2937D4FD8AC9}.Debug|Any CPU.ActiveCfg = Debug|Any CPU
		{50710CF9-59E1-4114-BB39-2937D4FD8AC9}.Debug|Any CPU.Build.0 = Debug|Any CPU
		{50710CF9-59E1-4114-BB39-2937D4FD8AC9}.Debug|x64.ActiveCfg = Debug|Any CPU
		{50710CF9-59E1-4114-BB39-2937D4FD8AC9}.Debug|x64.Build.0 = Debug|Any CPU
		{50710CF9-59E1-4114-BB39-2937D4FD8AC9}.Debug|x86.ActiveCfg = Debug|Any CPU
		{50710CF9-59E1-4114-BB39-2937D4FD8AC9}.Debug|x86.Build.0 = Debug|Any CPU
		{50710CF9-59E1-4114-BB39-2937D4FD8AC9}.Release|Any CPU.ActiveCfg = Release|Any CPU
		{50710CF9-59E1-4114-BB39-2937D4FD8AC9}.Release|Any CPU.Build.0 = Release|Any CPU
		{50710CF9-59E1-4114-BB39-2937D4FD8AC9}.Release|x64.ActiveCfg = Release|Any CPU
		{50710CF9-59E1-4114-BB39-2937D4FD8AC9}.Release|x64.Build.0 = Release|Any CPU
		{50710CF9-59E1-4114-BB39-2937D4FD8AC9}.Release|x86.ActiveCfg = Release|Any CPU
		{50710CF9-59E1-4114-BB39-2937D4FD8AC9}.Release|x86.Build.0 = Release|Any CPU
		{9ADAA80B-9DB5-49F3-8755-C42A65FEEC71}.Debug|Any CPU.ActiveCfg = Debug|Any CPU
		{9ADAA80B-9DB5-49F3-8755-C42A65FEEC71}.Debug|Any CPU.Build.0 = Debug|Any CPU
		{9ADAA80B-9DB5-49F3-8755-C42A65FEEC71}.Debug|x64.ActiveCfg = Debug|Any CPU
		{9ADAA80B-9DB5-49F3-8755-C42A65FEEC71}.Debug|x64.Build.0 = Debug|Any CPU
		{9ADAA80B-9DB5-49F3-8755-C42A65FEEC71}.Debug|x86.ActiveCfg = Debug|Any CPU
		{9ADAA80B-9DB5-49F3-8755-C42A65FEEC71}.Debug|x86.Build.0 = Debug|Any CPU
		{9ADAA80B-9DB5-49F3-8755-C42A65FEEC71}.Release|Any CPU.ActiveCfg = Release|Any CPU
		{9ADAA80B-9DB5-49F3-8755-C42A65FEEC71}.Release|Any CPU.Build.0 = Release|Any CPU
		{9ADAA80B-9DB5-49F3-8755-C42A65FEEC71}.Release|x64.ActiveCfg = Release|Any CPU
		{9ADAA80B-9DB5-49F3-8755-C42A65FEEC71}.Release|x64.Build.0 = Release|Any CPU
		{9ADAA80B-9DB5-49F3-8755-C42A65FEEC71}.Release|x86.ActiveCfg = Release|Any CPU
		{9ADAA80B-9DB5-49F3-8755-C42A65FEEC71}.Release|x86.Build.0 = Release|Any CPU
		{7B831FD9-A7CF-4794-B825-73CEE925EEA6}.Debug|Any CPU.ActiveCfg = Debug|Any CPU
		{7B831FD9-A7CF-4794-B825-73CEE925EEA6}.Debug|Any CPU.Build.0 = Debug|Any CPU
		{7B831FD9-A7CF-4794-B825-73CEE925EEA6}.Debug|x64.ActiveCfg = Debug|Any CPU
		{7B831FD9-A7CF-4794-B825-73CEE925EEA6}.Debug|x64.Build.0 = Debug|Any CPU
		{7B831FD9-A7CF-4794-B825-73CEE925EEA6}.Debug|x86.ActiveCfg = Debug|Any CPU
		{7B831FD9-A7CF-4794-B825-73CEE925EEA6}.Debug|x86.Build.0 = Debug|Any CPU
		{7B831FD9-A7CF-4794-B825-73CEE925EEA6}.Release|Any CPU.ActiveCfg = Release|Any CPU
		{7B831FD9-A7CF-4794-B825-73CEE925EEA6}.Release|Any CPU.Build.0 = Release|Any CPU
		{7B831FD9-A7CF-4794-B825-73CEE925EEA6}.Release|x64.ActiveCfg = Release|Any CPU
		{7B831FD9-A7CF-4794-B825-73CEE925EEA6}.Release|x64.Build.0 = Release|Any CPU
		{7B831FD9-A7CF-4794-B825-73CEE925EEA6}.Release|x86.ActiveCfg = Release|Any CPU
		{7B831FD9-A7CF-4794-B825-73CEE925EEA6}.Release|x86.Build.0 = Release|Any CPU
		{5862B045-DAD1-4526-8C27-CE8789248852}.Debug|Any CPU.ActiveCfg = Debug|Any CPU
		{5862B045-DAD1-4526-8C27-CE8789248852}.Debug|Any CPU.Build.0 = Debug|Any CPU
		{5862B045-DAD1-4526-8C27-CE8789248852}.Debug|x64.ActiveCfg = Debug|Any CPU
		{5862B045-DAD1-4526-8C27-CE8789248852}.Debug|x64.Build.0 = Debug|Any CPU
		{5862B045-DAD1-4526-8C27-CE8789248852}.Debug|x86.ActiveCfg = Debug|Any CPU
		{5862B045-DAD1-4526-8C27-CE8789248852}.Debug|x86.Build.0 = Debug|Any CPU
		{5862B045-DAD1-4526-8C27-CE8789248852}.Release|Any CPU.ActiveCfg = Release|Any CPU
		{5862B045-DAD1-4526-8C27-CE8789248852}.Release|Any CPU.Build.0 = Release|Any CPU
		{5862B045-DAD1-4526-8C27-CE8789248852}.Release|x64.ActiveCfg = Release|Any CPU
		{5862B045-DAD1-4526-8C27-CE8789248852}.Release|x64.Build.0 = Release|Any CPU
		{5862B045-DAD1-4526-8C27-CE8789248852}.Release|x86.ActiveCfg = Release|Any CPU
		{5862B045-DAD1-4526-8C27-CE8789248852}.Release|x86.Build.0 = Release|Any CPU
		{43E9660B-95D0-460B-BC2C-28ED6E5D95EB}.Debug|Any CPU.ActiveCfg = Debug|Any CPU
		{43E9660B-95D0-460B-BC2C-28ED6E5D95EB}.Debug|Any CPU.Build.0 = Debug|Any CPU
		{43E9660B-95D0-460B-BC2C-28ED6E5D95EB}.Debug|x64.ActiveCfg = Debug|Any CPU
		{43E9660B-95D0-460B-BC2C-28ED6E5D95EB}.Debug|x64.Build.0 = Debug|Any CPU
		{43E9660B-95D0-460B-BC2C-28ED6E5D95EB}.Debug|x86.ActiveCfg = Debug|Any CPU
		{43E9660B-95D0-460B-BC2C-28ED6E5D95EB}.Debug|x86.Build.0 = Debug|Any CPU
		{43E9660B-95D0-460B-BC2C-28ED6E5D95EB}.Release|Any CPU.ActiveCfg = Release|Any CPU
		{43E9660B-95D0-460B-BC2C-28ED6E5D95EB}.Release|Any CPU.Build.0 = Release|Any CPU
		{43E9660B-95D0-460B-BC2C-28ED6E5D95EB}.Release|x64.ActiveCfg = Release|Any CPU
		{43E9660B-95D0-460B-BC2C-28ED6E5D95EB}.Release|x64.Build.0 = Release|Any CPU
		{43E9660B-95D0-460B-BC2C-28ED6E5D95EB}.Release|x86.ActiveCfg = Release|Any CPU
		{43E9660B-95D0-460B-BC2C-28ED6E5D95EB}.Release|x86.Build.0 = Release|Any CPU
		{89317043-5B13-451A-AC59-D8BDBD856E8A}.Debug|Any CPU.ActiveCfg = Debug|Any CPU
		{89317043-5B13-451A-AC59-D8BDBD856E8A}.Debug|Any CPU.Build.0 = Debug|Any CPU
		{89317043-5B13-451A-AC59-D8BDBD856E8A}.Debug|x64.ActiveCfg = Debug|Any CPU
		{89317043-5B13-451A-AC59-D8BDBD856E8A}.Debug|x64.Build.0 = Debug|Any CPU
		{89317043-5B13-451A-AC59-D8BDBD856E8A}.Debug|x86.ActiveCfg = Debug|Any CPU
		{89317043-5B13-451A-AC59-D8BDBD856E8A}.Debug|x86.Build.0 = Debug|Any CPU
		{89317043-5B13-451A-AC59-D8BDBD856E8A}.Release|Any CPU.ActiveCfg = Release|Any CPU
		{89317043-5B13-451A-AC59-D8BDBD856E8A}.Release|Any CPU.Build.0 = Release|Any CPU
		{89317043-5B13-451A-AC59-D8BDBD856E8A}.Release|x64.ActiveCfg = Release|Any CPU
		{89317043-5B13-451A-AC59-D8BDBD856E8A}.Release|x64.Build.0 = Release|Any CPU
		{89317043-5B13-451A-AC59-D8BDBD856E8A}.Release|x86.ActiveCfg = Release|Any CPU
		{89317043-5B13-451A-AC59-D8BDBD856E8A}.Release|x86.Build.0 = Release|Any CPU
		{8E816C5A-6675-41E0-A639-F8CD65D60BB4}.Debug|Any CPU.ActiveCfg = Debug|Any CPU
		{8E816C5A-6675-41E0-A639-F8CD65D60BB4}.Debug|Any CPU.Build.0 = Debug|Any CPU
		{8E816C5A-6675-41E0-A639-F8CD65D60BB4}.Debug|x64.ActiveCfg = Debug|Any CPU
		{8E816C5A-6675-41E0-A639-F8CD65D60BB4}.Debug|x64.Build.0 = Debug|Any CPU
		{8E816C5A-6675-41E0-A639-F8CD65D60BB4}.Debug|x86.ActiveCfg = Debug|Any CPU
		{8E816C5A-6675-41E0-A639-F8CD65D60BB4}.Debug|x86.Build.0 = Debug|Any CPU
		{8E816C5A-6675-41E0-A639-F8CD65D60BB4}.Release|Any CPU.ActiveCfg = Release|Any CPU
		{8E816C5A-6675-41E0-A639-F8CD65D60BB4}.Release|Any CPU.Build.0 = Release|Any CPU
		{8E816C5A-6675-41E0-A639-F8CD65D60BB4}.Release|x64.ActiveCfg = Release|Any CPU
		{8E816C5A-6675-41E0-A639-F8CD65D60BB4}.Release|x64.Build.0 = Release|Any CPU
		{8E816C5A-6675-41E0-A639-F8CD65D60BB4}.Release|x86.ActiveCfg = Release|Any CPU
		{8E816C5A-6675-41E0-A639-F8CD65D60BB4}.Release|x86.Build.0 = Release|Any CPU
		{CE0E013D-49ED-42B3-905F-CA51009F2217}.Debug|Any CPU.ActiveCfg = Debug|Any CPU
		{CE0E013D-49ED-42B3-905F-CA51009F2217}.Debug|Any CPU.Build.0 = Debug|Any CPU
		{CE0E013D-49ED-42B3-905F-CA51009F2217}.Debug|x64.ActiveCfg = Debug|Any CPU
		{CE0E013D-49ED-42B3-905F-CA51009F2217}.Debug|x64.Build.0 = Debug|Any CPU
		{CE0E013D-49ED-42B3-905F-CA51009F2217}.Debug|x86.ActiveCfg = Debug|Any CPU
		{CE0E013D-49ED-42B3-905F-CA51009F2217}.Debug|x86.Build.0 = Debug|Any CPU
		{CE0E013D-49ED-42B3-905F-CA51009F2217}.Release|Any CPU.ActiveCfg = Release|Any CPU
		{CE0E013D-49ED-42B3-905F-CA51009F2217}.Release|Any CPU.Build.0 = Release|Any CPU
		{CE0E013D-49ED-42B3-905F-CA51009F2217}.Release|x64.ActiveCfg = Release|Any CPU
		{CE0E013D-49ED-42B3-905F-CA51009F2217}.Release|x64.Build.0 = Release|Any CPU
		{CE0E013D-49ED-42B3-905F-CA51009F2217}.Release|x86.ActiveCfg = Release|Any CPU
		{CE0E013D-49ED-42B3-905F-CA51009F2217}.Release|x86.Build.0 = Release|Any CPU
	EndGlobalSection
	GlobalSection(SolutionProperties) = preSolution
		HideSolutionNode = FALSE
	EndGlobalSection
	GlobalSection(NestedProjects) = preSolution
		{48E5CC71-1E8C-464A-84B2-4417491287DA} = {4F52FD11-658E-A102-6CD3-7D7C16FFA15B}
		{39FB0474-0711-4ED2-8422-74FDD63F1813} = {4F52FD11-658E-A102-6CD3-7D7C16FFA15B}
		{420A9F4F-DDE0-4530-A46E-796C6D86E493} = {4F52FD11-658E-A102-6CD3-7D7C16FFA15B}
		{34D1B3C2-97DB-4912-A598-C9909562D833} = {4F52FD11-658E-A102-6CD3-7D7C16FFA15B}
		{40ECDEC9-6A9A-4A5E-B540-B8018D1D13F8} = {E7BDDBC6-9FD1-D1D7-ACD8-2C4F8E3D2461}
		{BB9B0570-D764-F740-A1C1-3444BA1D5022} = {5854FF58-B8C5-05C6-5BF2-ACE42193F22B}
		{5CDA6827-7B6E-4AD1-80A8-0177C906178D} = {BB9B0570-D764-F740-A1C1-3444BA1D5022}
		{7CEBED66-1DBE-44FD-96C4-245E42A04D0E} = {BB9B0570-D764-F740-A1C1-3444BA1D5022}
		{ACB995B0-3E91-46DF-8E13-61973ED242D9} = {BB9B0570-D764-F740-A1C1-3444BA1D5022}
		{4AD6E926-197D-43AF-A124-8FBF295528F9} = {BB9B0570-D764-F740-A1C1-3444BA1D5022}
		{8E6A5C5F-C7DE-E24C-DE58-CF3EDFEEC57E} = {5854FF58-B8C5-05C6-5BF2-ACE42193F22B}
		{EDED0E59-1E1D-4324-B346-45EC01319FC6} = {8E6A5C5F-C7DE-E24C-DE58-CF3EDFEEC57E}
		{0A58DBFE-EA95-4048-9895-D16453828ED2} = {8E6A5C5F-C7DE-E24C-DE58-CF3EDFEEC57E}
		{D9D981DC-2A91-470C-B1D3-8C121C0EACC6} = {8E6A5C5F-C7DE-E24C-DE58-CF3EDFEEC57E}
		{8B802F53-3F9F-45FF-881B-BEF6C0B719B2} = {8E6A5C5F-C7DE-E24C-DE58-CF3EDFEEC57E}
		{899E6F88-5D1F-9A82-0019-A49EEA45C695} = {5854FF58-B8C5-05C6-5BF2-ACE42193F22B}
		{6DA96A7E-5035-4C03-9550-B221BC997EF4} = {899E6F88-5D1F-9A82-0019-A49EEA45C695}
		{B1836BB4-10CA-475B-8D00-13518AF2F820} = {899E6F88-5D1F-9A82-0019-A49EEA45C695}
		{6F7CBF50-14FE-4955-85D9-99C981226B09} = {899E6F88-5D1F-9A82-0019-A49EEA45C695}
		{101DA8C8-B78C-44BD-B268-1F7E5ADA0FC7} = {899E6F88-5D1F-9A82-0019-A49EEA45C695}
		{736570EE-B337-DB3B-BCAB-29CA71CFE5FE} = {5854FF58-B8C5-05C6-5BF2-ACE42193F22B}
		{8E975BC7-C6B3-4244-8FF7-388548B3D247} = {736570EE-B337-DB3B-BCAB-29CA71CFE5FE}
		{9A9711BB-F62B-4308-B907-37336703C742} = {736570EE-B337-DB3B-BCAB-29CA71CFE5FE}
		{2AB08A38-8AF7-4966-BADC-454E58682FFD} = {736570EE-B337-DB3B-BCAB-29CA71CFE5FE}
		{172E7814-7959-475A-B4D6-B31685D1A3A6} = {736570EE-B337-DB3B-BCAB-29CA71CFE5FE}
		{52AEF456-3D8A-3CE5-40ED-124CA70687D2} = {5854FF58-B8C5-05C6-5BF2-ACE42193F22B}
		{F4F3688C-0500-4FDF-A729-77321303F0CF} = {52AEF456-3D8A-3CE5-40ED-124CA70687D2}
		{C51FCE6B-0257-4CAF-AACF-2D1148A9CEEF} = {52AEF456-3D8A-3CE5-40ED-124CA70687D2}
		{E57512F9-8889-44F9-B8D7-EE87768E7BB5} = {52AEF456-3D8A-3CE5-40ED-124CA70687D2}
		{87BFDB22-7D48-490E-A5CA-0C89CDAC4EAA} = {52AEF456-3D8A-3CE5-40ED-124CA70687D2}
		{27186838-AF9B-1AFB-D90D-D5051450EF13} = {5854FF58-B8C5-05C6-5BF2-ACE42193F22B}
		{B4CFD80F-BE2F-4EE7-A4E1-289F40C4CEF5} = {27186838-AF9B-1AFB-D90D-D5051450EF13}
		{50710CF9-59E1-4114-BB39-2937D4FD8AC9} = {27186838-AF9B-1AFB-D90D-D5051450EF13}
		{9ADAA80B-9DB5-49F3-8755-C42A65FEEC71} = {27186838-AF9B-1AFB-D90D-D5051450EF13}
		{7B831FD9-A7CF-4794-B825-73CEE925EEA6} = {27186838-AF9B-1AFB-D90D-D5051450EF13}
		{56DAB1A6-B559-CB2B-BE52-EF1105F7EC4C} = {5854FF58-B8C5-05C6-5BF2-ACE42193F22B}
		{5862B045-DAD1-4526-8C27-CE8789248852} = {56DAB1A6-B559-CB2B-BE52-EF1105F7EC4C}
		{43E9660B-95D0-460B-BC2C-28ED6E5D95EB} = {56DAB1A6-B559-CB2B-BE52-EF1105F7EC4C}
		{89317043-5B13-451A-AC59-D8BDBD856E8A} = {56DAB1A6-B559-CB2B-BE52-EF1105F7EC4C}
		{8E816C5A-6675-41E0-A639-F8CD65D60BB4} = {56DAB1A6-B559-CB2B-BE52-EF1105F7EC4C}
		{CE0E013D-49ED-42B3-905F-CA51009F2217} = {90DCE71B-4939-B80A-CE8C-85DE2210C7AC}
	EndGlobalSection
EndGlobal
